// !$*UTF8*$!
{
	archiveVersion = 1;
	classes = {
	};
	objectVersion = 56;
	objects = {

/* Begin PBXBuildFile section */
		D3679D992BA9BE32004508E3 /* AppDelegate.swift in Sources */ = {isa = PBXBuildFile; fileRef = D3679D982BA9BE32004508E3 /* AppDelegate.swift */; };
		D3679D9B2BA9BE32004508E3 /* SceneDelegate.swift in Sources */ = {isa = PBXBuildFile; fileRef = D3679D9A2BA9BE32004508E3 /* SceneDelegate.swift */; };
		D3679DA02BA9BE32004508E3 /* Base in Resources */ = {isa = PBXBuildFile; fileRef = D3679D9F2BA9BE32004508E3 /* Base */; };
		D3679DA22BA9BE35004508E3 /* Assets.xcassets in Resources */ = {isa = PBXBuildFile; fileRef = D3679DA12BA9BE35004508E3 /* Assets.xcassets */; };
		D3679DA52BA9BE35004508E3 /* Base in Resources */ = {isa = PBXBuildFile; fileRef = D3679DA42BA9BE35004508E3 /* Base */; };
		D3679DF62BAB04E2004508E3 /* SuperHeroes.json in Resources */ = {isa = PBXBuildFile; fileRef = D3679DF52BAB04E2004508E3 /* SuperHeroes.json */; };
		D3EA9C642BAF11E700FB2F8A /* HeroesModel.swift in Sources */ = {isa = PBXBuildFile; fileRef = D3EA9C632BAF11E700FB2F8A /* HeroesModel.swift */; };
		D3EA9C662BAF139000FB2F8A /* Poderes.swift in Sources */ = {isa = PBXBuildFile; fileRef = D3EA9C652BAF139000FB2F8A /* Poderes.swift */; };
		D3EA9C682BAF3C6400FB2F8A /* HeroesInteractor.swift in Sources */ = {isa = PBXBuildFile; fileRef = D3EA9C672BAF3C6400FB2F8A /* HeroesInteractor.swift */; };
		D3EA9C6A2BAF3E8200FB2F8A /* HeroesLogic.swift in Sources */ = {isa = PBXBuildFile; fileRef = D3EA9C692BAF3E8200FB2F8A /* HeroesLogic.swift */; };
		D3EA9C6D2BAF48E600FB2F8A /* DataPreview.swift in Sources */ = {isa = PBXBuildFile; fileRef = D3EA9C6C2BAF48E600FB2F8A /* DataPreview.swift */; };
		D3EA9C6F2BAF493F00FB2F8A /* HeroesDataTest.json in Resources */ = {isa = PBXBuildFile; fileRef = D3EA9C6E2BAF493F00FB2F8A /* HeroesDataTest.json */; };
		D3EA9C712BAF4D9700FB2F8A /* JSONLoader.swift in Sources */ = {isa = PBXBuildFile; fileRef = D3EA9C702BAF4D9700FB2F8A /* JSONLoader.swift */; };
		D3EA9C732BAF520500FB2F8A /* HeroesTableViewController.swift in Sources */ = {isa = PBXBuildFile; fileRef = D3EA9C722BAF520500FB2F8A /* HeroesTableViewController.swift */; };
/* End PBXBuildFile section */

/* Begin PBXFileReference section */
		D3679D952BA9BE32004508E3 /* HeroesApp.app */ = {isa = PBXFileReference; explicitFileType = wrapper.application; includeInIndex = 0; path = HeroesApp.app; sourceTree = BUILT_PRODUCTS_DIR; };
		D3679D982BA9BE32004508E3 /* AppDelegate.swift */ = {isa = PBXFileReference; lastKnownFileType = sourcecode.swift; path = AppDelegate.swift; sourceTree = "<group>"; };
		D3679D9A2BA9BE32004508E3 /* SceneDelegate.swift */ = {isa = PBXFileReference; lastKnownFileType = sourcecode.swift; path = SceneDelegate.swift; sourceTree = "<group>"; };
		D3679D9F2BA9BE32004508E3 /* Base */ = {isa = PBXFileReference; lastKnownFileType = file.storyboard; name = Base; path = Base.lproj/Main.storyboard; sourceTree = "<group>"; };
		D3679DA12BA9BE35004508E3 /* Assets.xcassets */ = {isa = PBXFileReference; lastKnownFileType = folder.assetcatalog; path = Assets.xcassets; sourceTree = "<group>"; };
		D3679DA42BA9BE35004508E3 /* Base */ = {isa = PBXFileReference; lastKnownFileType = file.storyboard; name = Base; path = Base.lproj/LaunchScreen.storyboard; sourceTree = "<group>"; };
		D3679DA62BA9BE35004508E3 /* Info.plist */ = {isa = PBXFileReference; lastKnownFileType = text.plist.xml; path = Info.plist; sourceTree = "<group>"; };
		D3679DF52BAB04E2004508E3 /* SuperHeroes.json */ = {isa = PBXFileReference; fileEncoding = 4; lastKnownFileType = text.json; path = SuperHeroes.json; sourceTree = "<group>"; };
		D3EA9C632BAF11E700FB2F8A /* HeroesModel.swift */ = {isa = PBXFileReference; lastKnownFileType = sourcecode.swift; path = HeroesModel.swift; sourceTree = "<group>"; };
		D3EA9C652BAF139000FB2F8A /* Poderes.swift */ = {isa = PBXFileReference; fileEncoding = 4; lastKnownFileType = sourcecode.swift; path = Poderes.swift; sourceTree = "<group>"; };
		D3EA9C672BAF3C6400FB2F8A /* HeroesInteractor.swift */ = {isa = PBXFileReference; lastKnownFileType = sourcecode.swift; path = HeroesInteractor.swift; sourceTree = "<group>"; };
		D3EA9C692BAF3E8200FB2F8A /* HeroesLogic.swift */ = {isa = PBXFileReference; lastKnownFileType = sourcecode.swift; path = HeroesLogic.swift; sourceTree = "<group>"; };
		D3EA9C6C2BAF48E600FB2F8A /* DataPreview.swift */ = {isa = PBXFileReference; lastKnownFileType = sourcecode.swift; path = DataPreview.swift; sourceTree = "<group>"; };
		D3EA9C6E2BAF493F00FB2F8A /* HeroesDataTest.json */ = {isa = PBXFileReference; lastKnownFileType = text.json; path = HeroesDataTest.json; sourceTree = "<group>"; };
		D3EA9C702BAF4D9700FB2F8A /* JSONLoader.swift */ = {isa = PBXFileReference; lastKnownFileType = sourcecode.swift; path = JSONLoader.swift; sourceTree = "<group>"; };
		D3EA9C722BAF520500FB2F8A /* HeroesTableViewController.swift */ = {isa = PBXFileReference; lastKnownFileType = sourcecode.swift; path = HeroesTableViewController.swift; sourceTree = "<group>"; };
/* End PBXFileReference section */

/* Begin PBXFrameworksBuildPhase section */
		D3679D922BA9BE32004508E3 /* Frameworks */ = {
			isa = PBXFrameworksBuildPhase;
			buildActionMask = 2147483647;
			files = (
			);
			runOnlyForDeploymentPostprocessing = 0;
		};
/* End PBXFrameworksBuildPhase section */

/* Begin PBXGroup section */
		D3679D8C2BA9BE32004508E3 = {
			isa = PBXGroup;
			children = (
				D3679D972BA9BE32004508E3 /* HeroesApp */,
				D3679D962BA9BE32004508E3 /* Products */,
			);
			sourceTree = "<group>";
		};
		D3679D962BA9BE32004508E3 /* Products */ = {
			isa = PBXGroup;
			children = (
				D3679D952BA9BE32004508E3 /* HeroesApp.app */,
			);
			name = Products;
			sourceTree = "<group>";
		};
		D3679D972BA9BE32004508E3 /* HeroesApp */ = {
			isa = PBXGroup;
			children = (
				D3679D9E2BA9BE32004508E3 /* Main.storyboard */,
				D3EA9C722BAF520500FB2F8A /* HeroesTableViewController.swift */,
				D3679DF82BAB0500004508E3 /* Logic */,
				D3679DF72BAB04F4004508E3 /* Interactor */,
				D3679DFA2BAB0535004508E3 /* Model */,
				D3679DF42BAB04AF004508E3 /* Resources */,
				D3679DA12BA9BE35004508E3 /* Assets.xcassets */,
				D3679DF32BAB0492004508E3 /* System */,
				D3EA9C6B2BAF487100FB2F8A /* Test Content */,
			);
			path = HeroesApp;
			sourceTree = "<group>";
		};
		D3679DF32BAB0492004508E3 /* System */ = {
			isa = PBXGroup;
			children = (
				D3679D982BA9BE32004508E3 /* AppDelegate.swift */,
				D3679D9A2BA9BE32004508E3 /* SceneDelegate.swift */,
				D3679DA32BA9BE35004508E3 /* LaunchScreen.storyboard */,
				D3679DA62BA9BE35004508E3 /* Info.plist */,
			);
			name = System;
			sourceTree = "<group>";
		};
		D3679DF42BAB04AF004508E3 /* Resources */ = {
			isa = PBXGroup;
			children = (
				D3679DF52BAB04E2004508E3 /* SuperHeroes.json */,
			);
			name = Resources;
			sourceTree = "<group>";
		};
		D3679DF72BAB04F4004508E3 /* Interactor */ = {
			isa = PBXGroup;
			children = (
				D3EA9C672BAF3C6400FB2F8A /* HeroesInteractor.swift */,
				D3EA9C702BAF4D9700FB2F8A /* JSONLoader.swift */,
			);
			name = Interactor;
			sourceTree = "<group>";
		};
		D3679DF82BAB0500004508E3 /* Logic */ = {
			isa = PBXGroup;
			children = (
				D3EA9C692BAF3E8200FB2F8A /* HeroesLogic.swift */,
			);
			name = Logic;
			sourceTree = "<group>";
		};
		D3679DFA2BAB0535004508E3 /* Model */ = {
			isa = PBXGroup;
			children = (
				D3EA9C632BAF11E700FB2F8A /* HeroesModel.swift */,
				D3EA9C652BAF139000FB2F8A /* Poderes.swift */,
			);
			name = Model;
			sourceTree = "<group>";
		};
		D3EA9C6B2BAF487100FB2F8A /* Test Content */ = {
			isa = PBXGroup;
			children = (
				D3EA9C6C2BAF48E600FB2F8A /* DataPreview.swift */,
				D3EA9C6E2BAF493F00FB2F8A /* HeroesDataTest.json */,
			);
			path = "Test Content";
			sourceTree = "<group>";
		};
/* End PBXGroup section */

/* Begin PBXNativeTarget section */
		D3679D942BA9BE32004508E3 /* HeroesApp */ = {
			isa = PBXNativeTarget;
			buildConfigurationList = D3679DA92BA9BE35004508E3 /* Build configuration list for PBXNativeTarget "HeroesApp" */;
			buildPhases = (
				D3679D912BA9BE32004508E3 /* Sources */,
				D3679D922BA9BE32004508E3 /* Frameworks */,
				D3679D932BA9BE32004508E3 /* Resources */,
			);
			buildRules = (
			);
			dependencies = (
			);
			name = HeroesApp;
			productName = HeroesApp;
			productReference = D3679D952BA9BE32004508E3 /* HeroesApp.app */;
			productType = "com.apple.product-type.application";
		};
/* End PBXNativeTarget section */

/* Begin PBXProject section */
		D3679D8D2BA9BE32004508E3 /* Project object */ = {
			isa = PBXProject;
			attributes = {
				BuildIndependentTargetsInParallel = 1;
				LastSwiftUpdateCheck = 1530;
				LastUpgradeCheck = 1530;
				TargetAttributes = {
					D3679D942BA9BE32004508E3 = {
						CreatedOnToolsVersion = 15.3;
					};
				};
			};
			buildConfigurationList = D3679D902BA9BE32004508E3 /* Build configuration list for PBXProject "HeroesApp" */;
			compatibilityVersion = "Xcode 14.0";
			developmentRegion = en;
			hasScannedForEncodings = 0;
			knownRegions = (
				en,
				Base,
			);
			mainGroup = D3679D8C2BA9BE32004508E3;
			productRefGroup = D3679D962BA9BE32004508E3 /* Products */;
			projectDirPath = "";
			projectRoot = "";
			targets = (
				D3679D942BA9BE32004508E3 /* HeroesApp */,
			);
		};
/* End PBXProject section */

/* Begin PBXResourcesBuildPhase section */
		D3679D932BA9BE32004508E3 /* Resources */ = {
			isa = PBXResourcesBuildPhase;
			buildActionMask = 2147483647;
			files = (
				D3679DA22BA9BE35004508E3 /* Assets.xcassets in Resources */,
				D3EA9C6F2BAF493F00FB2F8A /* HeroesDataTest.json in Resources */,
				D3679DF62BAB04E2004508E3 /* SuperHeroes.json in Resources */,
				D3679DA52BA9BE35004508E3 /* Base in Resources */,
				D3679DA02BA9BE32004508E3 /* Base in Resources */,
			);
			runOnlyForDeploymentPostprocessing = 0;
		};
/* End PBXResourcesBuildPhase section */

/* Begin PBXSourcesBuildPhase section */
		D3679D912BA9BE32004508E3 /* Sources */ = {
			isa = PBXSourcesBuildPhase;
			buildActionMask = 2147483647;
			files = (
				D3EA9C6D2BAF48E600FB2F8A /* DataPreview.swift in Sources */,
				D3EA9C6A2BAF3E8200FB2F8A /* HeroesLogic.swift in Sources */,
				D3EA9C712BAF4D9700FB2F8A /* JSONLoader.swift in Sources */,
				D3679D992BA9BE32004508E3 /* AppDelegate.swift in Sources */,
				D3EA9C662BAF139000FB2F8A /* Poderes.swift in Sources */,
				D3679D9B2BA9BE32004508E3 /* SceneDelegate.swift in Sources */,
				D3EA9C682BAF3C6400FB2F8A /* HeroesInteractor.swift in Sources */,
				D3EA9C642BAF11E700FB2F8A /* HeroesModel.swift in Sources */,
				D3EA9C732BAF520500FB2F8A /* HeroesTableViewController.swift in Sources */,
			);
			runOnlyForDeploymentPostprocessing = 0;
		};
/* End PBXSourcesBuildPhase section */

/* Begin PBXVariantGroup section */
		D3679D9E2BA9BE32004508E3 /* Main.storyboard */ = {
			isa = PBXVariantGroup;
			children = (
				D3679D9F2BA9BE32004508E3 /* Base */,
			);
			name = Main.storyboard;
			sourceTree = "<group>";
		};
		D3679DA32BA9BE35004508E3 /* LaunchScreen.storyboard */ = {
			isa = PBXVariantGroup;
			children = (
				D3679DA42BA9BE35004508E3 /* Base */,
			);
			name = LaunchScreen.storyboard;
			sourceTree = "<group>";
		};
/* End PBXVariantGroup section */

/* Begin XCBuildConfiguration section */
		D3679DA72BA9BE35004508E3 /* Debug */ = {
			isa = XCBuildConfiguration;
			buildSettings = {
				ALWAYS_SEARCH_USER_PATHS = NO;
				ASSETCATALOG_COMPILER_GENERATE_SWIFT_ASSET_SYMBOL_EXTENSIONS = YES;
				CLANG_ANALYZER_NONNULL = YES;
				CLANG_ANALYZER_NUMBER_OBJECT_CONVERSION = YES_AGGRESSIVE;
				CLANG_CXX_LANGUAGE_STANDARD = "gnu++20";
				CLANG_ENABLE_MODULES = YES;
				CLANG_ENABLE_OBJC_ARC = YES;
				CLANG_ENABLE_OBJC_WEAK = YES;
				CLANG_WARN_BLOCK_CAPTURE_AUTORELEASING = YES;
				CLANG_WARN_BOOL_CONVERSION = YES;
				CLANG_WARN_COMMA = YES;
				CLANG_WARN_CONSTANT_CONVERSION = YES;
				CLANG_WARN_DEPRECATED_OBJC_IMPLEMENTATIONS = YES;
				CLANG_WARN_DIRECT_OBJC_ISA_USAGE = YES_ERROR;
				CLANG_WARN_DOCUMENTATION_COMMENTS = YES;
				CLANG_WARN_EMPTY_BODY = YES;
				CLANG_WARN_ENUM_CONVERSION = YES;
				CLANG_WARN_INFINITE_RECURSION = YES;
				CLANG_WARN_INT_CONVERSION = YES;
				CLANG_WARN_NON_LITERAL_NULL_CONVERSION = YES;
				CLANG_WARN_OBJC_IMPLICIT_RETAIN_SELF = YES;
				CLANG_WARN_OBJC_LITERAL_CONVERSION = YES;
				CLANG_WARN_OBJC_ROOT_CLASS = YES_ERROR;
				CLANG_WARN_QUOTED_INCLUDE_IN_FRAMEWORK_HEADER = YES;
				CLANG_WARN_RANGE_LOOP_ANALYSIS = YES;
				CLANG_WARN_STRICT_PROTOTYPES = YES;
				CLANG_WARN_SUSPICIOUS_MOVE = YES;
				CLANG_WARN_UNGUARDED_AVAILABILITY = YES_AGGRESSIVE;
				CLANG_WARN_UNREACHABLE_CODE = YES;
				CLANG_WARN__DUPLICATE_METHOD_MATCH = YES;
				COPY_PHASE_STRIP = NO;
				DEBUG_INFORMATION_FORMAT = dwarf;
				ENABLE_STRICT_OBJC_MSGSEND = YES;
				ENABLE_TESTABILITY = YES;
				ENABLE_USER_SCRIPT_SANDBOXING = YES;
				GCC_C_LANGUAGE_STANDARD = gnu17;
				GCC_DYNAMIC_NO_PIC = NO;
				GCC_NO_COMMON_BLOCKS = YES;
				GCC_OPTIMIZATION_LEVEL = 0;
				GCC_PREPROCESSOR_DEFINITIONS = (
					"DEBUG=1",
					"$(inherited)",
				);
				GCC_WARN_64_TO_32_BIT_CONVERSION = YES;
				GCC_WARN_ABOUT_RETURN_TYPE = YES_ERROR;
				GCC_WARN_UNDECLARED_SELECTOR = YES;
				GCC_WARN_UNINITIALIZED_AUTOS = YES_AGGRESSIVE;
				GCC_WARN_UNUSED_FUNCTION = YES;
				GCC_WARN_UNUSED_VARIABLE = YES;
				IPHONEOS_DEPLOYMENT_TARGET = 17.4;
				LOCALIZATION_PREFERS_STRING_CATALOGS = YES;
				MTL_ENABLE_DEBUG_INFO = INCLUDE_SOURCE;
				MTL_FAST_MATH = YES;
				ONLY_ACTIVE_ARCH = YES;
				SDKROOT = iphoneos;
				SWIFT_ACTIVE_COMPILATION_CONDITIONS = "DEBUG $(inherited)";
				SWIFT_OPTIMIZATION_LEVEL = "-Onone";
			};
			name = Debug;
		};
		D3679DA82BA9BE35004508E3 /* Release */ = {
			isa = XCBuildConfiguration;
			buildSettings = {
				ALWAYS_SEARCH_USER_PATHS = NO;
				ASSETCATALOG_COMPILER_GENERATE_SWIFT_ASSET_SYMBOL_EXTENSIONS = YES;
				CLANG_ANALYZER_NONNULL = YES;
				CLANG_ANALYZER_NUMBER_OBJECT_CONVERSION = YES_AGGRESSIVE;
				CLANG_CXX_LANGUAGE_STANDARD = "gnu++20";
				CLANG_ENABLE_MODULES = YES;
				CLANG_ENABLE_OBJC_ARC = YES;
				CLANG_ENABLE_OBJC_WEAK = YES;
				CLANG_WARN_BLOCK_CAPTURE_AUTORELEASING = YES;
				CLANG_WARN_BOOL_CONVERSION = YES;
				CLANG_WARN_COMMA = YES;
				CLANG_WARN_CONSTANT_CONVERSION = YES;
				CLANG_WARN_DEPRECATED_OBJC_IMPLEMENTATIONS = YES;
				CLANG_WARN_DIRECT_OBJC_ISA_USAGE = YES_ERROR;
				CLANG_WARN_DOCUMENTATION_COMMENTS = YES;
				CLANG_WARN_EMPTY_BODY = YES;
				CLANG_WARN_ENUM_CONVERSION = YES;
				CLANG_WARN_INFINITE_RECURSION = YES;
				CLANG_WARN_INT_CONVERSION = YES;
				CLANG_WARN_NON_LITERAL_NULL_CONVERSION = YES;
				CLANG_WARN_OBJC_IMPLICIT_RETAIN_SELF = YES;
				CLANG_WARN_OBJC_LITERAL_CONVERSION = YES;
				CLANG_WARN_OBJC_ROOT_CLASS = YES_ERROR;
				CLANG_WARN_QUOTED_INCLUDE_IN_FRAMEWORK_HEADER = YES;
				CLANG_WARN_RANGE_LOOP_ANALYSIS = YES;
				CLANG_WARN_STRICT_PROTOTYPES = YES;
				CLANG_WARN_SUSPICIOUS_MOVE = YES;
				CLANG_WARN_UNGUARDED_AVAILABILITY = YES_AGGRESSIVE;
				CLANG_WARN_UNREACHABLE_CODE = YES;
				CLANG_WARN__DUPLICATE_METHOD_MATCH = YES;
				COPY_PHASE_STRIP = NO;
				DEBUG_INFORMATION_FORMAT = "dwarf-with-dsym";
				ENABLE_NS_ASSERTIONS = NO;
				ENABLE_STRICT_OBJC_MSGSEND = YES;
				ENABLE_USER_SCRIPT_SANDBOXING = YES;
				GCC_C_LANGUAGE_STANDARD = gnu17;
				GCC_NO_COMMON_BLOCKS = YES;
				GCC_WARN_64_TO_32_BIT_CONVERSION = YES;
				GCC_WARN_ABOUT_RETURN_TYPE = YES_ERROR;
				GCC_WARN_UNDECLARED_SELECTOR = YES;
				GCC_WARN_UNINITIALIZED_AUTOS = YES_AGGRESSIVE;
				GCC_WARN_UNUSED_FUNCTION = YES;
				GCC_WARN_UNUSED_VARIABLE = YES;
				IPHONEOS_DEPLOYMENT_TARGET = 17.4;
				LOCALIZATION_PREFERS_STRING_CATALOGS = YES;
				MTL_ENABLE_DEBUG_INFO = NO;
				MTL_FAST_MATH = YES;
				SDKROOT = iphoneos;
				SWIFT_COMPILATION_MODE = wholemodule;
				VALIDATE_PRODUCT = YES;
			};
			name = Release;
		};
		D3679DAA2BA9BE35004508E3 /* Debug */ = {
			isa = XCBuildConfiguration;
			buildSettings = {
				ASSETCATALOG_COMPILER_APPICON_NAME = AppIcon;
				ASSETCATALOG_COMPILER_GLOBAL_ACCENT_COLOR_NAME = AccentColor;
				CODE_SIGN_STYLE = Automatic;
				CURRENT_PROJECT_VERSION = 1;
				DEVELOPMENT_TEAM = L46T9NVJ2U;
				GENERATE_INFOPLIST_FILE = YES;
				INFOPLIST_FILE = HeroesApp/Info.plist;
				INFOPLIST_KEY_CFBundleDisplayName = Heroes;
				INFOPLIST_KEY_LSApplicationCategoryType = "public.app-category.entertainment";
				INFOPLIST_KEY_UIApplicationSupportsIndirectInputEvents = YES;
				INFOPLIST_KEY_UILaunchStoryboardName = LaunchScreen;
				INFOPLIST_KEY_UIMainStoryboardFile = Main;
				INFOPLIST_KEY_UISupportedInterfaceOrientations_iPad = "UIInterfaceOrientationPortrait UIInterfaceOrientationPortraitUpsideDown UIInterfaceOrientationLandscapeLeft UIInterfaceOrientationLandscapeRight";
				INFOPLIST_KEY_UISupportedInterfaceOrientations_iPhone = "UIInterfaceOrientationPortrait UIInterfaceOrientationLandscapeLeft UIInterfaceOrientationLandscapeRight";
				LD_RUNPATH_SEARCH_PATHS = (
					"$(inherited)",
					"@executable_path/Frameworks",
				);
				MARKETING_VERSION = 1.0;
				PRODUCT_BUNDLE_IDENTIFIER = com.fmalourarte.HeroesApp;
				PRODUCT_NAME = "$(TARGET_NAME)";
				SWIFT_EMIT_LOC_STRINGS = YES;
				SWIFT_VERSION = 5.0;
				TARGETED_DEVICE_FAMILY = "1,2";
			};
			name = Debug;
		};
		D3679DAB2BA9BE35004508E3 /* Release */ = {
			isa = XCBuildConfiguration;
			buildSettings = {
				ASSETCATALOG_COMPILER_APPICON_NAME = AppIcon;
				ASSETCATALOG_COMPILER_GLOBAL_ACCENT_COLOR_NAME = AccentColor;
				CODE_SIGN_STYLE = Automatic;
				CURRENT_PROJECT_VERSION = 1;
				DEVELOPMENT_TEAM = L46T9NVJ2U;
				GENERATE_INFOPLIST_FILE = YES;
				INFOPLIST_FILE = HeroesApp/Info.plist;
				INFOPLIST_KEY_CFBundleDisplayName = Heroes;
				INFOPLIST_KEY_LSApplicationCategoryType = "public.app-category.entertainment";
				INFOPLIST_KEY_UIApplicationSupportsIndirectInputEvents = YES;
				INFOPLIST_KEY_UILaunchStoryboardName = LaunchScreen;
				INFOPLIST_KEY_UIMainStoryboardFile = Main;
				INFOPLIST_KEY_UISupportedInterfaceOrientations_iPad = "UIInterfaceOrientationPortrait UIInterfaceOrientationPortraitUpsideDown UIInterfaceOrientationLandscapeLeft UIInterfaceOrientationLandscapeRight";
				INFOPLIST_KEY_UISupportedInterfaceOrientations_iPhone = "UIInterfaceOrientationPortrait UIInterfaceOrientationLandscapeLeft UIInterfaceOrientationLandscapeRight";
				LD_RUNPATH_SEARCH_PATHS = (
					"$(inherited)",
					"@executable_path/Frameworks",
				);
				MARKETING_VERSION = 1.0;
				PRODUCT_BUNDLE_IDENTIFIER = com.fmalourarte.HeroesApp;
				PRODUCT_NAME = "$(TARGET_NAME)";
				SWIFT_EMIT_LOC_STRINGS = YES;
				SWIFT_VERSION = 5.0;
				TARGETED_DEVICE_FAMILY = "1,2";
			};
			name = Release;
		};
/* End XCBuildConfiguration section */

/* Begin XCConfigurationList section */
		D3679D902BA9BE32004508E3 /* Build configuration list for PBXProject "HeroesApp" */ = {
			isa = XCConfigurationList;
			buildConfigurations = (
				D3679DA72BA9BE35004508E3 /* Debug */,
				D3679DA82BA9BE35004508E3 /* Release */,
			);
			defaultConfigurationIsVisible = 0;
			defaultConfigurationName = Release;
		};
		D3679DA92BA9BE35004508E3 /* Build configuration list for PBXNativeTarget "HeroesApp" */ = {
			isa = XCConfigurationList;
			buildConfigurations = (
				D3679DAA2BA9BE35004508E3 /* Debug */,
				D3679DAB2BA9BE35004508E3 /* Release */,
			);
			defaultConfigurationIsVisible = 0;
			defaultConfigurationName = Release;
		};
/* End XCConfigurationList section */
	};
	rootObject = D3679D8D2BA9BE32004508E3 /* Project object */;
}
